// !$*UTF8*$!
{
	archiveVersion = 1;
	classes = {
	};
	objectVersion = 56;
	objects = {

/* Begin PBXBuildFile section */
		883193622B7FA1C800A20A47 /* AppleLogin.swift in Sources */ = {isa = PBXBuildFile; fileRef = 883193612B7FA1C800A20A47 /* AppleLogin.swift */; };
		88FD6D6D2B7FB41500F45245 /* loginView.swift in Sources */ = {isa = PBXBuildFile; fileRef = 88FD6D6C2B7FB41500F45245 /* loginView.swift */; };
		88FD6D6F2B7FB4FB00F45245 /* exModel.swift in Sources */ = {isa = PBXBuildFile; fileRef = 88FD6D6E2B7FB4FB00F45245 /* exModel.swift */; };
		88FD6D712B7FB4FF00F45245 /* exView.swift in Sources */ = {isa = PBXBuildFile; fileRef = 88FD6D702B7FB4FF00F45245 /* exView.swift */; };
		88FD6D732B7FB50500F45245 /* exViewModel.swift in Sources */ = {isa = PBXBuildFile; fileRef = 88FD6D722B7FB50500F45245 /* exViewModel.swift */; };
		88FD6D752B7FBBF900F45245 /* loginViewModel.swift in Sources */ = {isa = PBXBuildFile; fileRef = 88FD6D742B7FBBF900F45245 /* loginViewModel.swift */; };
		88FD6D782B7FCC7100F45245 /* APIManager.swift in Sources */ = {isa = PBXBuildFile; fileRef = 88FD6D772B7FCC7100F45245 /* APIManager.swift */; };
		88FD6D7B2B7FCCDB00F45245 /* Alamofire in Frameworks */ = {isa = PBXBuildFile; productRef = 88FD6D7A2B7FCCDB00F45245 /* Alamofire */; };
		88FD6D7E2B7FCD1500F45245 /* Kingfisher in Frameworks */ = {isa = PBXBuildFile; productRef = 88FD6D7D2B7FCD1500F45245 /* Kingfisher */; };
		88FD6D822B7FCEF300F45245 /* APIModel.swift in Sources */ = {isa = PBXBuildFile; fileRef = 88FD6D812B7FCEF300F45245 /* APIModel.swift */; };
		88FD6D842B7FCF0300F45245 /* APIConstant.swift in Sources */ = {isa = PBXBuildFile; fileRef = 88FD6D832B7FCF0300F45245 /* APIConstant.swift */; };
		88FD6D862B7FD1C800F45245 /* chatView.swift in Sources */ = {isa = PBXBuildFile; fileRef = 88FD6D852B7FD1C800F45245 /* chatView.swift */; };
		88FD6D882B80041400F45245 /* ChatViewModel.swift in Sources */ = {isa = PBXBuildFile; fileRef = 88FD6D872B80041400F45245 /* ChatViewModel.swift */; };
		88FD6D8A2B80053A00F45245 /* Chat.swift in Sources */ = {isa = PBXBuildFile; fileRef = 88FD6D892B80053A00F45245 /* Chat.swift */; };
		88FD6D8C2B800D2600F45245 /* GoogleService-Info.plist in Resources */ = {isa = PBXBuildFile; fileRef = 88FD6D8B2B800D2600F45245 /* GoogleService-Info.plist */; };
		88FD6D932B800E2B00F45245 /* FirebaseAuth in Frameworks */ = {isa = PBXBuildFile; productRef = 88FD6D922B800E2B00F45245 /* FirebaseAuth */; };
		88FD6D952B800E2B00F45245 /* FirebaseFirestore in Frameworks */ = {isa = PBXBuildFile; productRef = 88FD6D942B800E2B00F45245 /* FirebaseFirestore */; };
		88FD6D972B800E2B00F45245 /* FirebaseFirestoreSwift in Frameworks */ = {isa = PBXBuildFile; productRef = 88FD6D962B800E2B00F45245 /* FirebaseFirestoreSwift */; };
		88FD6D992B800E2B00F45245 /* FirebaseStorage in Frameworks */ = {isa = PBXBuildFile; productRef = 88FD6D982B800E2B00F45245 /* FirebaseStorage */; };
		88FD6D9B2B800E2B00F45245 /* FirebaseStorageCombine-Community in Frameworks */ = {isa = PBXBuildFile; productRef = 88FD6D9A2B800E2B00F45245 /* FirebaseStorageCombine-Community */; };
		88FD6D9E2B80103900F45245 /* FirebaseStroageManager.swift in Sources */ = {isa = PBXBuildFile; fileRef = 88FD6D9D2B80103900F45245 /* FirebaseStroageManager.swift */; };
		88FD6DA02B80111C00F45245 /* PHPicker.swift in Sources */ = {isa = PBXBuildFile; fileRef = 88FD6D9F2B80111C00F45245 /* PHPicker.swift */; };
		88FD6DA22B80194800F45245 /* UrlImageView.swift in Sources */ = {isa = PBXBuildFile; fileRef = 88FD6DA12B80194800F45245 /* UrlImageView.swift */; };
		DDD768A22B7F98FC00F00DA5 /* Constants.swift in Sources */ = {isa = PBXBuildFile; fileRef = DDD768902B7F98FC00F00DA5 /* Constants.swift */; };
		DDD768A32B7F98FC00F00DA5 /* Data+.swift in Sources */ = {isa = PBXBuildFile; fileRef = DDD768922B7F98FC00F00DA5 /* Data+.swift */; };
		DDD768A42B7F98FC00F00DA5 /* Color+.swift in Sources */ = {isa = PBXBuildFile; fileRef = DDD768932B7F98FC00F00DA5 /* Color+.swift */; };
		DDD768A52B7F98FC00F00DA5 /* YearMonthDay+.swift in Sources */ = {isa = PBXBuildFile; fileRef = DDD768942B7F98FC00F00DA5 /* YearMonthDay+.swift */; };
		DDD768A62B7F98FC00F00DA5 /* ViewHiddenModifier.swift in Sources */ = {isa = PBXBuildFile; fileRef = DDD768952B7F98FC00F00DA5 /* ViewHiddenModifier.swift */; };
		DDD768A72B7F98FC00F00DA5 /* Date+.swift in Sources */ = {isa = PBXBuildFile; fileRef = DDD768962B7F98FC00F00DA5 /* Date+.swift */; };
		DDD768A82B7F98FC00F00DA5 /* Font+.swift in Sources */ = {isa = PBXBuildFile; fileRef = DDD768972B7F98FC00F00DA5 /* Font+.swift */; };
		DDD768A92B7F98FC00F00DA5 /* Pretendard-Regular.otf in Resources */ = {isa = PBXBuildFile; fileRef = DDD768992B7F98FC00F00DA5 /* Pretendard-Regular.otf */; };
		DDD768AA2B7F98FC00F00DA5 /* Pretendard-Black.otf in Resources */ = {isa = PBXBuildFile; fileRef = DDD7689A2B7F98FC00F00DA5 /* Pretendard-Black.otf */; };
		DDD768AB2B7F98FC00F00DA5 /* Pretendard-Medium.otf in Resources */ = {isa = PBXBuildFile; fileRef = DDD7689B2B7F98FC00F00DA5 /* Pretendard-Medium.otf */; };
		DDD768AC2B7F98FC00F00DA5 /* Pretendard-Light.otf in Resources */ = {isa = PBXBuildFile; fileRef = DDD7689C2B7F98FC00F00DA5 /* Pretendard-Light.otf */; };
		DDD768AD2B7F98FC00F00DA5 /* Pretendard-ExtraBold.otf in Resources */ = {isa = PBXBuildFile; fileRef = DDD7689D2B7F98FC00F00DA5 /* Pretendard-ExtraBold.otf */; };
		DDD768AE2B7F98FC00F00DA5 /* Pretendard-Bold.otf in Resources */ = {isa = PBXBuildFile; fileRef = DDD7689E2B7F98FC00F00DA5 /* Pretendard-Bold.otf */; };
		DDD768AF2B7F98FC00F00DA5 /* Pretendard-Thin.otf in Resources */ = {isa = PBXBuildFile; fileRef = DDD7689F2B7F98FC00F00DA5 /* Pretendard-Thin.otf */; };
		DDD768B02B7F98FC00F00DA5 /* Pretendard-ExtraLight.otf in Resources */ = {isa = PBXBuildFile; fileRef = DDD768A02B7F98FC00F00DA5 /* Pretendard-ExtraLight.otf */; };
		DDD768B12B7F98FC00F00DA5 /* Pretendard-SemiBold.otf in Resources */ = {isa = PBXBuildFile; fileRef = DDD768A12B7F98FC00F00DA5 /* Pretendard-SemiBold.otf */; };
		DDD768B32B7FCD3D00F00DA5 /* PrintFonts.swift in Sources */ = {isa = PBXBuildFile; fileRef = DDD768B22B7FCD3D00F00DA5 /* PrintFonts.swift */; };
		DDD768B72B7FD10C00F00DA5 /* HomeView.swift in Sources */ = {isa = PBXBuildFile; fileRef = DDD768B62B7FD10C00F00DA5 /* HomeView.swift */; };
		DDD768B92B7FD29F00F00DA5 /* BaseTabView.swift in Sources */ = {isa = PBXBuildFile; fileRef = DDD768B82B7FD29F00F00DA5 /* BaseTabView.swift */; };
		DDD768BE2B7FD40C00F00DA5 /* MyView.swift in Sources */ = {isa = PBXBuildFile; fileRef = DDD768BD2B7FD40C00F00DA5 /* MyView.swift */; };
		DDD768C22B7FD42300F00DA5 /* ChatView.swift in Sources */ = {isa = PBXBuildFile; fileRef = DDD768C12B7FD42300F00DA5 /* ChatView.swift */; };
		DDD768C42B7FE2C500F00DA5 /* CreateChatterView.swift in Sources */ = {isa = PBXBuildFile; fileRef = DDD768C32B7FE2C500F00DA5 /* CreateChatterView.swift */; };
		DDD768C62B7FF80C00F00DA5 /* FinishCreateView.swift in Sources */ = {isa = PBXBuildFile; fileRef = DDD768C52B7FF80C00F00DA5 /* FinishCreateView.swift */; };
		DDD768C82B8005FE00F00DA5 /* CreateModelView.swift in Sources */ = {isa = PBXBuildFile; fileRef = DDD768C72B8005FE00F00DA5 /* CreateModelView.swift */; };
		DDE264FA2B7F90D80078FB33 /* CapellaApp.swift in Sources */ = {isa = PBXBuildFile; fileRef = DDE264F92B7F90D80078FB33 /* CapellaApp.swift */; };
		DDE264FC2B7F90D80078FB33 /* ContentView.swift in Sources */ = {isa = PBXBuildFile; fileRef = DDE264FB2B7F90D80078FB33 /* ContentView.swift */; };
		DDE264FE2B7F90D90078FB33 /* Assets.xcassets in Resources */ = {isa = PBXBuildFile; fileRef = DDE264FD2B7F90D90078FB33 /* Assets.xcassets */; };
		DDE265012B7F90D90078FB33 /* Preview Assets.xcassets in Resources */ = {isa = PBXBuildFile; fileRef = DDE265002B7F90D90078FB33 /* Preview Assets.xcassets */; };
/* End PBXBuildFile section */

/* Begin PBXFileReference section */
		883193612B7FA1C800A20A47 /* AppleLogin.swift */ = {isa = PBXFileReference; lastKnownFileType = sourcecode.swift; path = AppleLogin.swift; sourceTree = "<group>"; };
		883193632B7FA27000A20A47 /* Capella.entitlements */ = {isa = PBXFileReference; lastKnownFileType = text.plist.entitlements; path = Capella.entitlements; sourceTree = "<group>"; };
		88FD6D6C2B7FB41500F45245 /* loginView.swift */ = {isa = PBXFileReference; lastKnownFileType = sourcecode.swift; path = loginView.swift; sourceTree = "<group>"; };
		88FD6D6E2B7FB4FB00F45245 /* exModel.swift */ = {isa = PBXFileReference; lastKnownFileType = sourcecode.swift; path = exModel.swift; sourceTree = "<group>"; };
		88FD6D702B7FB4FF00F45245 /* exView.swift */ = {isa = PBXFileReference; lastKnownFileType = sourcecode.swift; path = exView.swift; sourceTree = "<group>"; };
		88FD6D722B7FB50500F45245 /* exViewModel.swift */ = {isa = PBXFileReference; lastKnownFileType = sourcecode.swift; path = exViewModel.swift; sourceTree = "<group>"; };
		88FD6D742B7FBBF900F45245 /* loginViewModel.swift */ = {isa = PBXFileReference; lastKnownFileType = sourcecode.swift; path = loginViewModel.swift; sourceTree = "<group>"; };
		88FD6D772B7FCC7100F45245 /* APIManager.swift */ = {isa = PBXFileReference; lastKnownFileType = sourcecode.swift; path = APIManager.swift; sourceTree = "<group>"; };
		88FD6D812B7FCEF300F45245 /* APIModel.swift */ = {isa = PBXFileReference; lastKnownFileType = sourcecode.swift; path = APIModel.swift; sourceTree = "<group>"; };
		88FD6D832B7FCF0300F45245 /* APIConstant.swift */ = {isa = PBXFileReference; lastKnownFileType = sourcecode.swift; path = APIConstant.swift; sourceTree = "<group>"; };
		88FD6D852B7FD1C800F45245 /* chatView.swift */ = {isa = PBXFileReference; lastKnownFileType = sourcecode.swift; path = chatView.swift; sourceTree = "<group>"; };
		88FD6D872B80041400F45245 /* ChatViewModel.swift */ = {isa = PBXFileReference; lastKnownFileType = sourcecode.swift; path = ChatViewModel.swift; sourceTree = "<group>"; };
		88FD6D892B80053A00F45245 /* Chat.swift */ = {isa = PBXFileReference; lastKnownFileType = sourcecode.swift; path = Chat.swift; sourceTree = "<group>"; };
		88FD6D8B2B800D2600F45245 /* GoogleService-Info.plist */ = {isa = PBXFileReference; fileEncoding = 4; lastKnownFileType = text.plist.xml; path = "GoogleService-Info.plist"; sourceTree = "<group>"; };
		88FD6D9D2B80103900F45245 /* FirebaseStroageManager.swift */ = {isa = PBXFileReference; lastKnownFileType = sourcecode.swift; path = FirebaseStroageManager.swift; sourceTree = "<group>"; };
		88FD6D9F2B80111C00F45245 /* PHPicker.swift */ = {isa = PBXFileReference; lastKnownFileType = sourcecode.swift; path = PHPicker.swift; sourceTree = "<group>"; };
		88FD6DA12B80194800F45245 /* UrlImageView.swift */ = {isa = PBXFileReference; lastKnownFileType = sourcecode.swift; path = UrlImageView.swift; sourceTree = "<group>"; };
		DDD768902B7F98FC00F00DA5 /* Constants.swift */ = {isa = PBXFileReference; fileEncoding = 4; lastKnownFileType = sourcecode.swift; path = Constants.swift; sourceTree = "<group>"; };
		DDD768922B7F98FC00F00DA5 /* Data+.swift */ = {isa = PBXFileReference; fileEncoding = 4; lastKnownFileType = sourcecode.swift; path = "Data+.swift"; sourceTree = "<group>"; };
		DDD768932B7F98FC00F00DA5 /* Color+.swift */ = {isa = PBXFileReference; fileEncoding = 4; lastKnownFileType = sourcecode.swift; path = "Color+.swift"; sourceTree = "<group>"; };
		DDD768942B7F98FC00F00DA5 /* YearMonthDay+.swift */ = {isa = PBXFileReference; fileEncoding = 4; lastKnownFileType = sourcecode.swift; path = "YearMonthDay+.swift"; sourceTree = "<group>"; };
		DDD768952B7F98FC00F00DA5 /* ViewHiddenModifier.swift */ = {isa = PBXFileReference; fileEncoding = 4; lastKnownFileType = sourcecode.swift; path = ViewHiddenModifier.swift; sourceTree = "<group>"; };
		DDD768962B7F98FC00F00DA5 /* Date+.swift */ = {isa = PBXFileReference; fileEncoding = 4; lastKnownFileType = sourcecode.swift; path = "Date+.swift"; sourceTree = "<group>"; };
		DDD768972B7F98FC00F00DA5 /* Font+.swift */ = {isa = PBXFileReference; fileEncoding = 4; lastKnownFileType = sourcecode.swift; path = "Font+.swift"; sourceTree = "<group>"; };
		DDD768992B7F98FC00F00DA5 /* Pretendard-Regular.otf */ = {isa = PBXFileReference; lastKnownFileType = file; path = "Pretendard-Regular.otf"; sourceTree = "<group>"; };
		DDD7689A2B7F98FC00F00DA5 /* Pretendard-Black.otf */ = {isa = PBXFileReference; lastKnownFileType = file; path = "Pretendard-Black.otf"; sourceTree = "<group>"; };
		DDD7689B2B7F98FC00F00DA5 /* Pretendard-Medium.otf */ = {isa = PBXFileReference; lastKnownFileType = file; path = "Pretendard-Medium.otf"; sourceTree = "<group>"; };
		DDD7689C2B7F98FC00F00DA5 /* Pretendard-Light.otf */ = {isa = PBXFileReference; lastKnownFileType = file; path = "Pretendard-Light.otf"; sourceTree = "<group>"; };
		DDD7689D2B7F98FC00F00DA5 /* Pretendard-ExtraBold.otf */ = {isa = PBXFileReference; lastKnownFileType = file; path = "Pretendard-ExtraBold.otf"; sourceTree = "<group>"; };
		DDD7689E2B7F98FC00F00DA5 /* Pretendard-Bold.otf */ = {isa = PBXFileReference; lastKnownFileType = file; path = "Pretendard-Bold.otf"; sourceTree = "<group>"; };
		DDD7689F2B7F98FC00F00DA5 /* Pretendard-Thin.otf */ = {isa = PBXFileReference; lastKnownFileType = file; path = "Pretendard-Thin.otf"; sourceTree = "<group>"; };
		DDD768A02B7F98FC00F00DA5 /* Pretendard-ExtraLight.otf */ = {isa = PBXFileReference; lastKnownFileType = file; path = "Pretendard-ExtraLight.otf"; sourceTree = "<group>"; };
		DDD768A12B7F98FC00F00DA5 /* Pretendard-SemiBold.otf */ = {isa = PBXFileReference; lastKnownFileType = file; path = "Pretendard-SemiBold.otf"; sourceTree = "<group>"; };
		DDD768B22B7FCD3D00F00DA5 /* PrintFonts.swift */ = {isa = PBXFileReference; lastKnownFileType = sourcecode.swift; path = PrintFonts.swift; sourceTree = "<group>"; };
		DDD768B62B7FD10C00F00DA5 /* HomeView.swift */ = {isa = PBXFileReference; lastKnownFileType = sourcecode.swift; name = HomeView.swift; path = Capella/Ref/HomeView.swift; sourceTree = SOURCE_ROOT; };
		DDD768B82B7FD29F00F00DA5 /* BaseTabView.swift */ = {isa = PBXFileReference; lastKnownFileType = sourcecode.swift; path = BaseTabView.swift; sourceTree = "<group>"; };
		DDD768BD2B7FD40C00F00DA5 /* MyView.swift */ = {isa = PBXFileReference; lastKnownFileType = sourcecode.swift; name = MyView.swift; path = View/MyView.swift; sourceTree = SOURCE_ROOT; };
		DDD768C12B7FD42300F00DA5 /* ChatView.swift */ = {isa = PBXFileReference; lastKnownFileType = sourcecode.swift; name = ChatView.swift; path = View/ChatView.swift; sourceTree = SOURCE_ROOT; };
		DDD768C32B7FE2C500F00DA5 /* CreateChatterView.swift */ = {isa = PBXFileReference; lastKnownFileType = sourcecode.swift; name = CreateChatterView.swift; path = View/CreateChatterView.swift; sourceTree = SOURCE_ROOT; };
		DDD768C52B7FF80C00F00DA5 /* FinishCreateView.swift */ = {isa = PBXFileReference; lastKnownFileType = sourcecode.swift; name = FinishCreateView.swift; path = View/FinishCreateView.swift; sourceTree = SOURCE_ROOT; };
		DDD768C72B8005FE00F00DA5 /* CreateModelView.swift */ = {isa = PBXFileReference; lastKnownFileType = sourcecode.swift; name = CreateModelView.swift; path = View/CreateModelView.swift; sourceTree = SOURCE_ROOT; };
		DDE264F62B7F90D80078FB33 /* Capella.app */ = {isa = PBXFileReference; explicitFileType = wrapper.application; includeInIndex = 0; path = Capella.app; sourceTree = BUILT_PRODUCTS_DIR; };
		DDE264F92B7F90D80078FB33 /* CapellaApp.swift */ = {isa = PBXFileReference; lastKnownFileType = sourcecode.swift; path = CapellaApp.swift; sourceTree = "<group>"; };
		DDE264FB2B7F90D80078FB33 /* ContentView.swift */ = {isa = PBXFileReference; lastKnownFileType = sourcecode.swift; path = ContentView.swift; sourceTree = "<group>"; };
		DDE264FD2B7F90D90078FB33 /* Assets.xcassets */ = {isa = PBXFileReference; lastKnownFileType = folder.assetcatalog; path = Assets.xcassets; sourceTree = "<group>"; };
		DDE265002B7F90D90078FB33 /* Preview Assets.xcassets */ = {isa = PBXFileReference; lastKnownFileType = folder.assetcatalog; path = "Preview Assets.xcassets"; sourceTree = "<group>"; };
		DDE2652B2B7F92A00078FB33 /* Info.plist */ = {isa = PBXFileReference; lastKnownFileType = text.plist; path = Info.plist; sourceTree = "<group>"; };
/* End PBXFileReference section */

/* Begin PBXFrameworksBuildPhase section */
		DDE264F32B7F90D80078FB33 /* Frameworks */ = {
			isa = PBXFrameworksBuildPhase;
			buildActionMask = 2147483647;
			files = (
				88FD6D7E2B7FCD1500F45245 /* Kingfisher in Frameworks */,
				88FD6D932B800E2B00F45245 /* FirebaseAuth in Frameworks */,
				88FD6D7B2B7FCCDB00F45245 /* Alamofire in Frameworks */,
				88FD6D972B800E2B00F45245 /* FirebaseFirestoreSwift in Frameworks */,
				88FD6D992B800E2B00F45245 /* FirebaseStorage in Frameworks */,
				88FD6D9B2B800E2B00F45245 /* FirebaseStorageCombine-Community in Frameworks */,
				88FD6D952B800E2B00F45245 /* FirebaseFirestore in Frameworks */,
			);
			runOnlyForDeploymentPostprocessing = 0;
		};
/* End PBXFrameworksBuildPhase section */

/* Begin PBXGroup section */
		883193602B7FA1BC00A20A47 /* Ref */ = {
			isa = PBXGroup;
			children = (
				883193612B7FA1C800A20A47 /* AppleLogin.swift */,
				DDD768B22B7FCD3D00F00DA5 /* PrintFonts.swift */,
				88FD6D9F2B80111C00F45245 /* PHPicker.swift */,
			);
			path = Ref;
			sourceTree = "<group>";
		};
		88FD6D572B7FB2DF00F45245 /* Scene */ = {
			isa = PBXGroup;
			children = (
				88FD6D582B7FB2E500F45245 /* Common */,
				88FD6D5C2B7FB2FD00F45245 /* Login */,
				88FD6D602B7FB30F00F45245 /* Main */,
				88FD6D642B7FB32200F45245 /* Chat */,
				88FD6D682B7FB33900F45245 /* MyPage */,
			);
			path = Scene;
			sourceTree = "<group>";
		};
		88FD6D582B7FB2E500F45245 /* Common */ = {
			isa = PBXGroup;
			children = (
				88FD6D5B2B7FB2F900F45245 /* Model */,
				88FD6D5A2B7FB2F400F45245 /* View */,
				88FD6D592B7FB2ED00F45245 /* ViewModel */,
			);
			path = Common;
			sourceTree = "<group>";
		};
		88FD6D592B7FB2ED00F45245 /* ViewModel */ = {
			isa = PBXGroup;
			children = (
				88FD6D722B7FB50500F45245 /* exViewModel.swift */,
			);
			path = ViewModel;
			sourceTree = "<group>";
		};
		88FD6D5A2B7FB2F400F45245 /* View */ = {
			isa = PBXGroup;
			children = (
				88FD6D702B7FB4FF00F45245 /* exView.swift */,
				DDD768B82B7FD29F00F00DA5 /* BaseTabView.swift */,
				88FD6DA12B80194800F45245 /* UrlImageView.swift */,
			);
			path = View;
			sourceTree = "<group>";
		};
		88FD6D5B2B7FB2F900F45245 /* Model */ = {
			isa = PBXGroup;
			children = (
				88FD6D6E2B7FB4FB00F45245 /* exModel.swift */,
			);
			path = Model;
			sourceTree = "<group>";
		};
		88FD6D5C2B7FB2FD00F45245 /* Login */ = {
			isa = PBXGroup;
			children = (
				88FD6D5F2B7FB30B00F45245 /* Model */,
				88FD6D5E2B7FB30800F45245 /* View */,
				88FD6D5D2B7FB30200F45245 /* ViewModel */,
			);
			path = Login;
			sourceTree = "<group>";
		};
		88FD6D5D2B7FB30200F45245 /* ViewModel */ = {
			isa = PBXGroup;
			children = (
				88FD6D742B7FBBF900F45245 /* loginViewModel.swift */,
			);
			path = ViewModel;
			sourceTree = "<group>";
		};
		88FD6D5E2B7FB30800F45245 /* View */ = {
			isa = PBXGroup;
			children = (
				88FD6D6C2B7FB41500F45245 /* loginView.swift */,
			);
			path = View;
			sourceTree = "<group>";
		};
		88FD6D5F2B7FB30B00F45245 /* Model */ = {
			isa = PBXGroup;
			children = (
			);
			path = Model;
			sourceTree = "<group>";
		};
		88FD6D602B7FB30F00F45245 /* Main */ = {
			isa = PBXGroup;
			children = (
				88FD6D632B7FB31D00F45245 /* Model */,
				88FD6D622B7FB31A00F45245 /* View */,
				88FD6D612B7FB31300F45245 /* ViewModel */,
			);
			path = Main;
			sourceTree = "<group>";
		};
		88FD6D612B7FB31300F45245 /* ViewModel */ = {
			isa = PBXGroup;
			children = (
			);
			path = ViewModel;
			sourceTree = "<group>";
		};
		88FD6D622B7FB31A00F45245 /* View */ = {
			isa = PBXGroup;
			children = (
				DDD768B62B7FD10C00F00DA5 /* HomeView.swift */,
				DDD768C32B7FE2C500F00DA5 /* CreateChatterView.swift */,
				DDD768C52B7FF80C00F00DA5 /* FinishCreateView.swift */,
				DDD768C72B8005FE00F00DA5 /* CreateModelView.swift */,
			);
			path = View;
			sourceTree = "<group>";
		};
		88FD6D632B7FB31D00F45245 /* Model */ = {
			isa = PBXGroup;
			children = (
			);
			path = Model;
			sourceTree = "<group>";
		};
		88FD6D642B7FB32200F45245 /* Chat */ = {
			isa = PBXGroup;
			children = (
				88FD6D672B7FB33100F45245 /* Model */,
				88FD6D662B7FB32E00F45245 /* View */,
				88FD6D652B7FB32800F45245 /* ViewModel */,
			);
			path = Chat;
			sourceTree = "<group>";
		};
		88FD6D652B7FB32800F45245 /* ViewModel */ = {
			isa = PBXGroup;
			children = (
				88FD6D872B80041400F45245 /* ChatViewModel.swift */,
			);
			path = ViewModel;
			sourceTree = "<group>";
		};
		88FD6D662B7FB32E00F45245 /* View */ = {
			isa = PBXGroup;
			children = (
				88FD6D852B7FD1C800F45245 /* chatView.swift */,
				DDD768C12B7FD42300F00DA5 /* ChatView.swift */,
			);
			path = View;
			sourceTree = "<group>";
		};
		88FD6D672B7FB33100F45245 /* Model */ = {
			isa = PBXGroup;
			children = (
				88FD6D892B80053A00F45245 /* Chat.swift */,
			);
			path = Model;
			sourceTree = "<group>";
		};
		88FD6D682B7FB33900F45245 /* MyPage */ = {
			isa = PBXGroup;
			children = (
				88FD6D6B2B7FB34700F45245 /* Model */,
				88FD6D6A2B7FB34400F45245 /* View */,
				88FD6D692B7FB33F00F45245 /* ViewModel */,
			);
			path = MyPage;
			sourceTree = "<group>";
		};
		88FD6D692B7FB33F00F45245 /* ViewModel */ = {
			isa = PBXGroup;
			children = (
			);
			path = ViewModel;
			sourceTree = "<group>";
		};
		88FD6D6A2B7FB34400F45245 /* View */ = {
			isa = PBXGroup;
			children = (
				DDD768BD2B7FD40C00F00DA5 /* MyView.swift */,
			);
			path = View;
			sourceTree = "<group>";
		};
		88FD6D6B2B7FB34700F45245 /* Model */ = {
			isa = PBXGroup;
			children = (
			);
			path = Model;
			sourceTree = "<group>";
		};
		88FD6D762B7FCC6300F45245 /* Service */ = {
			isa = PBXGroup;
			children = (
				88FD6D9C2B80102B00F45245 /* Firebase */,
				88FD6D772B7FCC7100F45245 /* APIManager.swift */,
				88FD6D812B7FCEF300F45245 /* APIModel.swift */,
				88FD6D832B7FCF0300F45245 /* APIConstant.swift */,
			);
			path = Service;
			sourceTree = "<group>";
		};
		88FD6D9C2B80102B00F45245 /* Firebase */ = {
			isa = PBXGroup;
			children = (
				88FD6D9D2B80103900F45245 /* FirebaseStroageManager.swift */,
			);
			path = Firebase;
			sourceTree = "<group>";
		};
		DDD7688E2B7F98FC00F00DA5 /* Common */ = {
			isa = PBXGroup;
			children = (
				DDD7688F2B7F98FC00F00DA5 /* Utils */,
				DDD768912B7F98FC00F00DA5 /* Extensions */,
				DDD768982B7F98FC00F00DA5 /* Fonts */,
			);
			path = Common;
			sourceTree = "<group>";
		};
		DDD7688F2B7F98FC00F00DA5 /* Utils */ = {
			isa = PBXGroup;
			children = (
				DDD768902B7F98FC00F00DA5 /* Constants.swift */,
			);
			path = Utils;
			sourceTree = "<group>";
		};
		DDD768912B7F98FC00F00DA5 /* Extensions */ = {
			isa = PBXGroup;
			children = (
				DDD768922B7F98FC00F00DA5 /* Data+.swift */,
				DDD768932B7F98FC00F00DA5 /* Color+.swift */,
				DDD768942B7F98FC00F00DA5 /* YearMonthDay+.swift */,
				DDD768952B7F98FC00F00DA5 /* ViewHiddenModifier.swift */,
				DDD768962B7F98FC00F00DA5 /* Date+.swift */,
				DDD768972B7F98FC00F00DA5 /* Font+.swift */,
			);
			path = Extensions;
			sourceTree = "<group>";
		};
		DDD768982B7F98FC00F00DA5 /* Fonts */ = {
			isa = PBXGroup;
			children = (
				DDD768992B7F98FC00F00DA5 /* Pretendard-Regular.otf */,
				DDD7689A2B7F98FC00F00DA5 /* Pretendard-Black.otf */,
				DDD7689B2B7F98FC00F00DA5 /* Pretendard-Medium.otf */,
				DDD7689C2B7F98FC00F00DA5 /* Pretendard-Light.otf */,
				DDD7689D2B7F98FC00F00DA5 /* Pretendard-ExtraBold.otf */,
				DDD7689E2B7F98FC00F00DA5 /* Pretendard-Bold.otf */,
				DDD7689F2B7F98FC00F00DA5 /* Pretendard-Thin.otf */,
				DDD768A02B7F98FC00F00DA5 /* Pretendard-ExtraLight.otf */,
				DDD768A12B7F98FC00F00DA5 /* Pretendard-SemiBold.otf */,
			);
			path = Fonts;
			sourceTree = "<group>";
		};
		DDE264ED2B7F90D80078FB33 = {
			isa = PBXGroup;
			children = (
				DDE264F82B7F90D80078FB33 /* Capella */,
				DDE264F72B7F90D80078FB33 /* Products */,
			);
			sourceTree = "<group>";
		};
		DDE264F72B7F90D80078FB33 /* Products */ = {
			isa = PBXGroup;
			children = (
				DDE264F62B7F90D80078FB33 /* Capella.app */,
			);
			name = Products;
			sourceTree = "<group>";
		};
		DDE264F82B7F90D80078FB33 /* Capella */ = {
			isa = PBXGroup;
			children = (
				88FD6D762B7FCC6300F45245 /* Service */,
				88FD6D572B7FB2DF00F45245 /* Scene */,
				883193632B7FA27000A20A47 /* Capella.entitlements */,
				883193602B7FA1BC00A20A47 /* Ref */,
				DDE2652B2B7F92A00078FB33 /* Info.plist */,
				88FD6D8B2B800D2600F45245 /* GoogleService-Info.plist */,
				DDD7688E2B7F98FC00F00DA5 /* Common */,
				DDE264F92B7F90D80078FB33 /* CapellaApp.swift */,
				DDE264FB2B7F90D80078FB33 /* ContentView.swift */,
				DDE264FD2B7F90D90078FB33 /* Assets.xcassets */,
				DDE264FF2B7F90D90078FB33 /* Preview Content */,
			);
			path = Capella;
			sourceTree = "<group>";
		};
		DDE264FF2B7F90D90078FB33 /* Preview Content */ = {
			isa = PBXGroup;
			children = (
				DDE265002B7F90D90078FB33 /* Preview Assets.xcassets */,
			);
			path = "Preview Content";
			sourceTree = "<group>";
		};
/* End PBXGroup section */

/* Begin PBXNativeTarget section */
		DDE264F52B7F90D80078FB33 /* Capella */ = {
			isa = PBXNativeTarget;
			buildConfigurationList = DDE265042B7F90D90078FB33 /* Build configuration list for PBXNativeTarget "Capella" */;
			buildPhases = (
				DDE264F22B7F90D80078FB33 /* Sources */,
				DDE264F32B7F90D80078FB33 /* Frameworks */,
				DDE264F42B7F90D80078FB33 /* Resources */,
			);
			buildRules = (
			);
			dependencies = (
			);
			name = Capella;
			packageProductDependencies = (
				88FD6D7A2B7FCCDB00F45245 /* Alamofire */,
				88FD6D7D2B7FCD1500F45245 /* Kingfisher */,
				88FD6D922B800E2B00F45245 /* FirebaseAuth */,
				88FD6D942B800E2B00F45245 /* FirebaseFirestore */,
				88FD6D962B800E2B00F45245 /* FirebaseFirestoreSwift */,
				88FD6D982B800E2B00F45245 /* FirebaseStorage */,
				88FD6D9A2B800E2B00F45245 /* FirebaseStorageCombine-Community */,
			);
			productName = Capella;
			productReference = DDE264F62B7F90D80078FB33 /* Capella.app */;
			productType = "com.apple.product-type.application";
		};
/* End PBXNativeTarget section */

/* Begin PBXProject section */
		DDE264EE2B7F90D80078FB33 /* Project object */ = {
			isa = PBXProject;
			attributes = {
				BuildIndependentTargetsInParallel = 1;
				LastSwiftUpdateCheck = 1520;
				LastUpgradeCheck = 1520;
				TargetAttributes = {
					DDE264F52B7F90D80078FB33 = {
						CreatedOnToolsVersion = 15.2;
					};
				};
			};
			buildConfigurationList = DDE264F12B7F90D80078FB33 /* Build configuration list for PBXProject "Capella" */;
			compatibilityVersion = "Xcode 14.0";
			developmentRegion = en;
			hasScannedForEncodings = 0;
			knownRegions = (
				en,
				Base,
			);
			mainGroup = DDE264ED2B7F90D80078FB33;
			packageReferences = (
				88FD6D792B7FCCDB00F45245 /* XCRemoteSwiftPackageReference "Alamofire" */,
				88FD6D7C2B7FCD1500F45245 /* XCRemoteSwiftPackageReference "Kingfisher" */,
				88FD6D8D2B800E2B00F45245 /* XCRemoteSwiftPackageReference "firebase-ios-sdk" */,
			);
			productRefGroup = DDE264F72B7F90D80078FB33 /* Products */;
			projectDirPath = "";
			projectRoot = "";
			targets = (
				DDE264F52B7F90D80078FB33 /* Capella */,
			);
		};
/* End PBXProject section */

/* Begin PBXResourcesBuildPhase section */
		DDE264F42B7F90D80078FB33 /* Resources */ = {
			isa = PBXResourcesBuildPhase;
			buildActionMask = 2147483647;
			files = (
				DDD768AE2B7F98FC00F00DA5 /* Pretendard-Bold.otf in Resources */,
				DDD768AD2B7F98FC00F00DA5 /* Pretendard-ExtraBold.otf in Resources */,
				88FD6D8C2B800D2600F45245 /* GoogleService-Info.plist in Resources */,
				DDD768AB2B7F98FC00F00DA5 /* Pretendard-Medium.otf in Resources */,
				DDE265012B7F90D90078FB33 /* Preview Assets.xcassets in Resources */,
				DDD768B12B7F98FC00F00DA5 /* Pretendard-SemiBold.otf in Resources */,
				DDD768AF2B7F98FC00F00DA5 /* Pretendard-Thin.otf in Resources */,
				DDD768B02B7F98FC00F00DA5 /* Pretendard-ExtraLight.otf in Resources */,
				DDD768A92B7F98FC00F00DA5 /* Pretendard-Regular.otf in Resources */,
				DDE264FE2B7F90D90078FB33 /* Assets.xcassets in Resources */,
				DDD768AA2B7F98FC00F00DA5 /* Pretendard-Black.otf in Resources */,
				DDD768AC2B7F98FC00F00DA5 /* Pretendard-Light.otf in Resources */,
			);
			runOnlyForDeploymentPostprocessing = 0;
		};
/* End PBXResourcesBuildPhase section */

/* Begin PBXSourcesBuildPhase section */
		DDE264F22B7F90D80078FB33 /* Sources */ = {
			isa = PBXSourcesBuildPhase;
			buildActionMask = 2147483647;
			files = (
				88FD6D782B7FCC7100F45245 /* APIManager.swift in Sources */,
				DDE264FC2B7F90D80078FB33 /* ContentView.swift in Sources */,
				88FD6D842B7FCF0300F45245 /* APIConstant.swift in Sources */,
				DDD768A42B7F98FC00F00DA5 /* Color+.swift in Sources */,
				88FD6DA02B80111C00F45245 /* PHPicker.swift in Sources */,
				DDD768B32B7FCD3D00F00DA5 /* PrintFonts.swift in Sources */,
				DDE264FA2B7F90D80078FB33 /* CapellaApp.swift in Sources */,
				DDD768A22B7F98FC00F00DA5 /* Constants.swift in Sources */,
				DDD768B72B7FD10C00F00DA5 /* HomeView.swift in Sources */,
				DDD768C82B8005FE00F00DA5 /* CreateModelView.swift in Sources */,
				883193622B7FA1C800A20A47 /* AppleLogin.swift in Sources */,
				88FD6D862B7FD1C800F45245 /* chatView.swift in Sources */,
				88FD6D712B7FB4FF00F45245 /* exView.swift in Sources */,
				DDD768BE2B7FD40C00F00DA5 /* MyView.swift in Sources */,
				88FD6D6D2B7FB41500F45245 /* loginView.swift in Sources */,
				DDD768C42B7FE2C500F00DA5 /* CreateChatterView.swift in Sources */,
				88FD6D8A2B80053A00F45245 /* Chat.swift in Sources */,
				88FD6D882B80041400F45245 /* ChatViewModel.swift in Sources */,
				88FD6D6F2B7FB4FB00F45245 /* exModel.swift in Sources */,
				88FD6DA22B80194800F45245 /* UrlImageView.swift in Sources */,
				88FD6D9E2B80103900F45245 /* FirebaseStroageManager.swift in Sources */,
				88FD6D822B7FCEF300F45245 /* APIModel.swift in Sources */,
				88FD6D752B7FBBF900F45245 /* loginViewModel.swift in Sources */,
				DDD768C22B7FD42300F00DA5 /* ChatView.swift in Sources */,
				DDD768A82B7F98FC00F00DA5 /* Font+.swift in Sources */,
				88FD6D732B7FB50500F45245 /* exViewModel.swift in Sources */,
				DDD768A32B7F98FC00F00DA5 /* Data+.swift in Sources */,
				DDD768A72B7F98FC00F00DA5 /* Date+.swift in Sources */,
				DDD768A52B7F98FC00F00DA5 /* YearMonthDay+.swift in Sources */,
				DDD768B92B7FD29F00F00DA5 /* BaseTabView.swift in Sources */,
				DDD768C62B7FF80C00F00DA5 /* FinishCreateView.swift in Sources */,
				DDD768A62B7F98FC00F00DA5 /* ViewHiddenModifier.swift in Sources */,
			);
			runOnlyForDeploymentPostprocessing = 0;
		};
/* End PBXSourcesBuildPhase section */

/* Begin XCBuildConfiguration section */
		DDE265022B7F90D90078FB33 /* Debug */ = {
			isa = XCBuildConfiguration;
			buildSettings = {
				ALWAYS_SEARCH_USER_PATHS = NO;
				ASSETCATALOG_COMPILER_GENERATE_SWIFT_ASSET_SYMBOL_EXTENSIONS = YES;
				CLANG_ANALYZER_NONNULL = YES;
				CLANG_ANALYZER_NUMBER_OBJECT_CONVERSION = YES_AGGRESSIVE;
				CLANG_CXX_LANGUAGE_STANDARD = "gnu++20";
				CLANG_ENABLE_MODULES = YES;
				CLANG_ENABLE_OBJC_ARC = YES;
				CLANG_ENABLE_OBJC_WEAK = YES;
				CLANG_WARN_BLOCK_CAPTURE_AUTORELEASING = YES;
				CLANG_WARN_BOOL_CONVERSION = YES;
				CLANG_WARN_COMMA = YES;
				CLANG_WARN_CONSTANT_CONVERSION = YES;
				CLANG_WARN_DEPRECATED_OBJC_IMPLEMENTATIONS = YES;
				CLANG_WARN_DIRECT_OBJC_ISA_USAGE = YES_ERROR;
				CLANG_WARN_DOCUMENTATION_COMMENTS = YES;
				CLANG_WARN_EMPTY_BODY = YES;
				CLANG_WARN_ENUM_CONVERSION = YES;
				CLANG_WARN_INFINITE_RECURSION = YES;
				CLANG_WARN_INT_CONVERSION = YES;
				CLANG_WARN_NON_LITERAL_NULL_CONVERSION = YES;
				CLANG_WARN_OBJC_IMPLICIT_RETAIN_SELF = YES;
				CLANG_WARN_OBJC_LITERAL_CONVERSION = YES;
				CLANG_WARN_OBJC_ROOT_CLASS = YES_ERROR;
				CLANG_WARN_QUOTED_INCLUDE_IN_FRAMEWORK_HEADER = YES;
				CLANG_WARN_RANGE_LOOP_ANALYSIS = YES;
				CLANG_WARN_STRICT_PROTOTYPES = YES;
				CLANG_WARN_SUSPICIOUS_MOVE = YES;
				CLANG_WARN_UNGUARDED_AVAILABILITY = YES_AGGRESSIVE;
				CLANG_WARN_UNREACHABLE_CODE = YES;
				CLANG_WARN__DUPLICATE_METHOD_MATCH = YES;
				COPY_PHASE_STRIP = NO;
				DEBUG_INFORMATION_FORMAT = dwarf;
				ENABLE_STRICT_OBJC_MSGSEND = YES;
				ENABLE_TESTABILITY = YES;
				ENABLE_USER_SCRIPT_SANDBOXING = YES;
				GCC_C_LANGUAGE_STANDARD = gnu17;
				GCC_DYNAMIC_NO_PIC = NO;
				GCC_NO_COMMON_BLOCKS = YES;
				GCC_OPTIMIZATION_LEVEL = 0;
				GCC_PREPROCESSOR_DEFINITIONS = (
					"DEBUG=1",
					"$(inherited)",
				);
				GCC_WARN_64_TO_32_BIT_CONVERSION = YES;
				GCC_WARN_ABOUT_RETURN_TYPE = YES_ERROR;
				GCC_WARN_UNDECLARED_SELECTOR = YES;
				GCC_WARN_UNINITIALIZED_AUTOS = YES_AGGRESSIVE;
				GCC_WARN_UNUSED_FUNCTION = YES;
				GCC_WARN_UNUSED_VARIABLE = YES;
				IPHONEOS_DEPLOYMENT_TARGET = 17.2;
				LOCALIZATION_PREFERS_STRING_CATALOGS = YES;
				MTL_ENABLE_DEBUG_INFO = INCLUDE_SOURCE;
				MTL_FAST_MATH = YES;
				ONLY_ACTIVE_ARCH = YES;
				SDKROOT = iphoneos;
				SWIFT_ACTIVE_COMPILATION_CONDITIONS = "DEBUG $(inherited)";
				SWIFT_OPTIMIZATION_LEVEL = "-Onone";
			};
			name = Debug;
		};
		DDE265032B7F90D90078FB33 /* Release */ = {
			isa = XCBuildConfiguration;
			buildSettings = {
				ALWAYS_SEARCH_USER_PATHS = NO;
				ASSETCATALOG_COMPILER_GENERATE_SWIFT_ASSET_SYMBOL_EXTENSIONS = YES;
				CLANG_ANALYZER_NONNULL = YES;
				CLANG_ANALYZER_NUMBER_OBJECT_CONVERSION = YES_AGGRESSIVE;
				CLANG_CXX_LANGUAGE_STANDARD = "gnu++20";
				CLANG_ENABLE_MODULES = YES;
				CLANG_ENABLE_OBJC_ARC = YES;
				CLANG_ENABLE_OBJC_WEAK = YES;
				CLANG_WARN_BLOCK_CAPTURE_AUTORELEASING = YES;
				CLANG_WARN_BOOL_CONVERSION = YES;
				CLANG_WARN_COMMA = YES;
				CLANG_WARN_CONSTANT_CONVERSION = YES;
				CLANG_WARN_DEPRECATED_OBJC_IMPLEMENTATIONS = YES;
				CLANG_WARN_DIRECT_OBJC_ISA_USAGE = YES_ERROR;
				CLANG_WARN_DOCUMENTATION_COMMENTS = YES;
				CLANG_WARN_EMPTY_BODY = YES;
				CLANG_WARN_ENUM_CONVERSION = YES;
				CLANG_WARN_INFINITE_RECURSION = YES;
				CLANG_WARN_INT_CONVERSION = YES;
				CLANG_WARN_NON_LITERAL_NULL_CONVERSION = YES;
				CLANG_WARN_OBJC_IMPLICIT_RETAIN_SELF = YES;
				CLANG_WARN_OBJC_LITERAL_CONVERSION = YES;
				CLANG_WARN_OBJC_ROOT_CLASS = YES_ERROR;
				CLANG_WARN_QUOTED_INCLUDE_IN_FRAMEWORK_HEADER = YES;
				CLANG_WARN_RANGE_LOOP_ANALYSIS = YES;
				CLANG_WARN_STRICT_PROTOTYPES = YES;
				CLANG_WARN_SUSPICIOUS_MOVE = YES;
				CLANG_WARN_UNGUARDED_AVAILABILITY = YES_AGGRESSIVE;
				CLANG_WARN_UNREACHABLE_CODE = YES;
				CLANG_WARN__DUPLICATE_METHOD_MATCH = YES;
				COPY_PHASE_STRIP = NO;
				DEBUG_INFORMATION_FORMAT = "dwarf-with-dsym";
				ENABLE_NS_ASSERTIONS = NO;
				ENABLE_STRICT_OBJC_MSGSEND = YES;
				ENABLE_USER_SCRIPT_SANDBOXING = YES;
				GCC_C_LANGUAGE_STANDARD = gnu17;
				GCC_NO_COMMON_BLOCKS = YES;
				GCC_WARN_64_TO_32_BIT_CONVERSION = YES;
				GCC_WARN_ABOUT_RETURN_TYPE = YES_ERROR;
				GCC_WARN_UNDECLARED_SELECTOR = YES;
				GCC_WARN_UNINITIALIZED_AUTOS = YES_AGGRESSIVE;
				GCC_WARN_UNUSED_FUNCTION = YES;
				GCC_WARN_UNUSED_VARIABLE = YES;
				IPHONEOS_DEPLOYMENT_TARGET = 17.2;
				LOCALIZATION_PREFERS_STRING_CATALOGS = YES;
				MTL_ENABLE_DEBUG_INFO = NO;
				MTL_FAST_MATH = YES;
				SDKROOT = iphoneos;
				SWIFT_COMPILATION_MODE = wholemodule;
				VALIDATE_PRODUCT = YES;
			};
			name = Release;
		};
		DDE265052B7F90D90078FB33 /* Debug */ = {
			isa = XCBuildConfiguration;
			buildSettings = {
				ASSETCATALOG_COMPILER_APPICON_NAME = AppIcon;
				ASSETCATALOG_COMPILER_GLOBAL_ACCENT_COLOR_NAME = AccentColor;
				CODE_SIGN_ENTITLEMENTS = Capella/Capella.entitlements;
				CODE_SIGN_STYLE = Automatic;
				CURRENT_PROJECT_VERSION = 1;
				DEVELOPMENT_ASSET_PATHS = "\"Capella/Preview Content\"";
				DEVELOPMENT_TEAM = 2DF5SKQK2R;
				ENABLE_PREVIEWS = YES;
				GENERATE_INFOPLIST_FILE = YES;
				INFOPLIST_FILE = Capella/Info.plist;
				INFOPLIST_KEY_UIApplicationSceneManifest_Generation = YES;
				INFOPLIST_KEY_UIApplicationSupportsIndirectInputEvents = YES;
				INFOPLIST_KEY_UILaunchScreen_Generation = YES;
				INFOPLIST_KEY_UISupportedInterfaceOrientations_iPad = "UIInterfaceOrientationPortrait UIInterfaceOrientationPortraitUpsideDown UIInterfaceOrientationLandscapeLeft UIInterfaceOrientationLandscapeRight";
				INFOPLIST_KEY_UISupportedInterfaceOrientations_iPhone = "UIInterfaceOrientationPortrait UIInterfaceOrientationLandscapeLeft UIInterfaceOrientationLandscapeRight";
				LD_RUNPATH_SEARCH_PATHS = (
					"$(inherited)",
					"@executable_path/Frameworks",
				);
				MARKETING_VERSION = 1.0;
				PRODUCT_BUNDLE_IDENTIFIER = com.youz2me.Capella;
				PRODUCT_NAME = "$(TARGET_NAME)";
				SWIFT_EMIT_LOC_STRINGS = YES;
				SWIFT_VERSION = 5.0;
				TARGETED_DEVICE_FAMILY = "1,2";
			};
			name = Debug;
		};
		DDE265062B7F90D90078FB33 /* Release */ = {
			isa = XCBuildConfiguration;
			buildSettings = {
				ASSETCATALOG_COMPILER_APPICON_NAME = AppIcon;
				ASSETCATALOG_COMPILER_GLOBAL_ACCENT_COLOR_NAME = AccentColor;
				CODE_SIGN_ENTITLEMENTS = Capella/Capella.entitlements;
				CODE_SIGN_STYLE = Automatic;
				CURRENT_PROJECT_VERSION = 1;
				DEVELOPMENT_ASSET_PATHS = "\"Capella/Preview Content\"";
				DEVELOPMENT_TEAM = 2DF5SKQK2R;
				ENABLE_PREVIEWS = YES;
				GENERATE_INFOPLIST_FILE = YES;
				INFOPLIST_FILE = Capella/Info.plist;
				INFOPLIST_KEY_UIApplicationSceneManifest_Generation = YES;
				INFOPLIST_KEY_UIApplicationSupportsIndirectInputEvents = YES;
				INFOPLIST_KEY_UILaunchScreen_Generation = YES;
				INFOPLIST_KEY_UISupportedInterfaceOrientations_iPad = "UIInterfaceOrientationPortrait UIInterfaceOrientationPortraitUpsideDown UIInterfaceOrientationLandscapeLeft UIInterfaceOrientationLandscapeRight";
				INFOPLIST_KEY_UISupportedInterfaceOrientations_iPhone = "UIInterfaceOrientationPortrait UIInterfaceOrientationLandscapeLeft UIInterfaceOrientationLandscapeRight";
				LD_RUNPATH_SEARCH_PATHS = (
					"$(inherited)",
					"@executable_path/Frameworks",
				);
				MARKETING_VERSION = 1.0;
				PRODUCT_BUNDLE_IDENTIFIER = com.youz2me.Capella;
				PRODUCT_NAME = "$(TARGET_NAME)";
				SWIFT_EMIT_LOC_STRINGS = YES;
				SWIFT_VERSION = 5.0;
				TARGETED_DEVICE_FAMILY = "1,2";
			};
			name = Release;
		};
/* End XCBuildConfiguration section */

/* Begin XCConfigurationList section */
		DDE264F12B7F90D80078FB33 /* Build configuration list for PBXProject "Capella" */ = {
			isa = XCConfigurationList;
			buildConfigurations = (
				DDE265022B7F90D90078FB33 /* Debug */,
				DDE265032B7F90D90078FB33 /* Release */,
			);
			defaultConfigurationIsVisible = 0;
			defaultConfigurationName = Release;
		};
		DDE265042B7F90D90078FB33 /* Build configuration list for PBXNativeTarget "Capella" */ = {
			isa = XCConfigurationList;
			buildConfigurations = (
				DDE265052B7F90D90078FB33 /* Debug */,
				DDE265062B7F90D90078FB33 /* Release */,
			);
			defaultConfigurationIsVisible = 0;
			defaultConfigurationName = Release;
		};
/* End XCConfigurationList section */

/* Begin XCRemoteSwiftPackageReference section */
		88FD6D792B7FCCDB00F45245 /* XCRemoteSwiftPackageReference "Alamofire" */ = {
			isa = XCRemoteSwiftPackageReference;
			repositoryURL = "https://github.com/Alamofire/Alamofire.git";
			requirement = {
				kind = upToNextMajorVersion;
				minimumVersion = 5.8.1;
			};
		};
		88FD6D7C2B7FCD1500F45245 /* XCRemoteSwiftPackageReference "Kingfisher" */ = {
			isa = XCRemoteSwiftPackageReference;
			repositoryURL = "https://github.com/onevcat/Kingfisher.git";
			requirement = {
				kind = upToNextMajorVersion;
				minimumVersion = 7.11.0;
			};
		};
		88FD6D8D2B800E2B00F45245 /* XCRemoteSwiftPackageReference "firebase-ios-sdk" */ = {
			isa = XCRemoteSwiftPackageReference;
			repositoryURL = "https://github.com/firebase/firebase-ios-sdk";
			requirement = {
				kind = upToNextMajorVersion;
				minimumVersion = 10.21.0;
			};
		};
/* End XCRemoteSwiftPackageReference section */

/* Begin XCSwiftPackageProductDependency section */
		88FD6D7A2B7FCCDB00F45245 /* Alamofire */ = {
			isa = XCSwiftPackageProductDependency;
			package = 88FD6D792B7FCCDB00F45245 /* XCRemoteSwiftPackageReference "Alamofire" */;
			productName = Alamofire;
		};
		88FD6D7D2B7FCD1500F45245 /* Kingfisher */ = {
			isa = XCSwiftPackageProductDependency;
			package = 88FD6D7C2B7FCD1500F45245 /* XCRemoteSwiftPackageReference "Kingfisher" */;
			productName = Kingfisher;
		};
		88FD6D922B800E2B00F45245 /* FirebaseAuth */ = {
			isa = XCSwiftPackageProductDependency;
			package = 88FD6D8D2B800E2B00F45245 /* XCRemoteSwiftPackageReference "firebase-ios-sdk" */;
			productName = FirebaseAuth;
		};
		88FD6D942B800E2B00F45245 /* FirebaseFirestore */ = {
			isa = XCSwiftPackageProductDependency;
			package = 88FD6D8D2B800E2B00F45245 /* XCRemoteSwiftPackageReference "firebase-ios-sdk" */;
			productName = FirebaseFirestore;
		};
		88FD6D962B800E2B00F45245 /* FirebaseFirestoreSwift */ = {
			isa = XCSwiftPackageProductDependency;
			package = 88FD6D8D2B800E2B00F45245 /* XCRemoteSwiftPackageReference "firebase-ios-sdk" */;
			productName = FirebaseFirestoreSwift;
		};
		88FD6D982B800E2B00F45245 /* FirebaseStorage */ = {
			isa = XCSwiftPackageProductDependency;
			package = 88FD6D8D2B800E2B00F45245 /* XCRemoteSwiftPackageReference "firebase-ios-sdk" */;
			productName = FirebaseStorage;
		};
		88FD6D9A2B800E2B00F45245 /* FirebaseStorageCombine-Community */ = {
			isa = XCSwiftPackageProductDependency;
			package = 88FD6D8D2B800E2B00F45245 /* XCRemoteSwiftPackageReference "firebase-ios-sdk" */;
			productName = "FirebaseStorageCombine-Community";
		};
/* End XCSwiftPackageProductDependency section */
	};
	rootObject = DDE264EE2B7F90D80078FB33 /* Project object */;
}
